{
  "name": "tesis_mobile",
  "version": "1.0.0",
  "lockfileVersion": 1,
  "requires": true,
  "dependencies": {
    "bootstrap": {
      "version": "4.3.1",
      "resolved": "https://registry.npmjs.org/bootstrap/-/bootstrap-4.3.1.tgz",
      "integrity": "sha512-rXqOmH1VilAt2DyPzluTi2blhk17bO7ef+zLLPlWvG494pDxcM234pJ8wTc/6R40UWizAIIMgxjvxZg5kmsbag=="
    },
    "font-awesome": {
      "version": "4.7.0",
      "resolved": "https://registry.npmjs.org/font-awesome/-/font-awesome-4.7.0.tgz",
      "integrity": "sha1-j6jPBBGhoxr9B7BtKQK7n8gVoTM="
    },
    "ion-sound": {
      "version": "3.0.7",
      "resolved": "https://registry.npmjs.org/ion-sound/-/ion-sound-3.0.7.tgz",
      "integrity": "sha1-jp9W3x91XhuGNBeTSEX990+3uow="
    },
    "jquery": {
      "version": "3.5.0",
      "resolved": "https://registry.npmjs.org/jquery/-/jquery-3.5.0.tgz",
      "integrity": "sha512-Xb7SVYMvygPxbFMpTFQiHh1J7HClEaThguL15N/Gg37Lri/qKyhRGZYzHRyLH8Stq3Aow0LsHO2O2ci86fCrNQ=="
    },
    "lightbox2": {
      "version": "2.11.1",
      "resolved": "https://registry.npmjs.org/lightbox2/-/lightbox2-2.11.1.tgz",
      "integrity": "sha512-24vsIspqtcnkVlh6XgGK+vHm9tUc2/x4tNpAQdEAbafIrTk4fzVgozcIX7ExUG0TAlhsE7VMtWc+WD5Sb7PiXA=="
    },
    "lity": {
      "version": "2.3.1",
      "resolved": "https://registry.npmjs.org/lity/-/lity-2.3.1.tgz",
      "integrity": "sha512-1zkU2grtI9jvxS/efNsdXxD4Uqno2OBpQiYCgGnaxHZpMXYcBoQ0eRpUqt0zbBzGlFyH4gSuJLPfStJgfC6fvw=="
    },
    "popper.js": {
      "version": "1.15.0",
      "resolved": "https://registry.npmjs.org/popper.js/-/popper.js-1.15.0.tgz",
      "integrity": "sha512-w010cY1oCUmI+9KwwlWki+r5jxKfTFDVoadl7MSrIujHU5MJ5OR6HTDj6Xo8aoR/QsA56x8jKjA59qGH4ELtrA=="
    }
  }
}
